
Microsoft Visual Studio Solution File, Format Version 12.00
# Visual Studio Version 16
VisualStudioVersion = 16.0.33214.272
MinimumVisualStudioVersion = 10.0.40219.1
Project("{FAE04EC0-301F-11D3-BF4B-00C04F79EFBC}") = "FileWork", "FileWork\FileWork.csproj", "{1EC5FEE4-A27A-41F1-B080-60E7476F4985}"
EndProject
Project("{FAE04EC0-301F-11D3-BF4B-00C04F79EFBC}") = "31032023", "31032023\31032023.csproj", "{8B40E98A-2B7C-4733-BEAD-001CC6D34616}"
EndProject
Project("{FAE04EC0-301F-11D3-BF4B-00C04F79EFBC}") = "SortingAlgorithms", "SortingAlgorithms\SortingAlgorithms.csproj", "{37E80EED-1383-4DF8-8CA7-5F17FA02E501}"
EndProject
Project("{FAE04EC0-301F-11D3-BF4B-00C04F79EFBC}") = "SomeArrayFunctions", "SomeArrayFunctions\SomeArrayFunctions.csproj", "{2310FFAB-F8A5-4074-A320-D407FD1BA8BE}"
EndProject
Project("{FAE04EC0-301F-11D3-BF4B-00C04F79EFBC}") = "RecursionProject", "RecursionProject\RecursionProject.csproj", "{555DD613-48CB-4901-A249-B247985EFDB0}"
EndProject
Project("{FAE04EC0-301F-11D3-BF4B-00C04F79EFBC}") = "StructuresProject", "StructuresProject\StructuresProject.csproj", "{C1264D42-BB98-48C1-9E7F-7E1413C7C1E1}"
EndProject
Project("{FAE04EC0-301F-11D3-BF4B-00C04F79EFBC}") = "DateAndTimeProject", "DateAndTimeProject\DateAndTimeProject.csproj", "{CDFC29A2-88A2-4DB2-A358-33F25DB0361C}"
EndProject
Project("{FAE04EC0-301F-11D3-BF4B-00C04F79EFBC}") = "EnumerationProject", "EnumerationProject\EnumerationProject.csproj", "{5B60ACB4-78B9-4E34-AA57-D4C7A16A0A78}"
EndProject
Global
	GlobalSection(SolutionConfigurationPlatforms) = preSolution
		Debug|Any CPU = Debug|Any CPU
		Release|Any CPU = Release|Any CPU
	EndGlobalSection
	GlobalSection(ProjectConfigurationPlatforms) = postSolution
		{1EC5FEE4-A27A-41F1-B080-60E7476F4985}.Debug|Any CPU.ActiveCfg = Debug|Any CPU
		{1EC5FEE4-A27A-41F1-B080-60E7476F4985}.Debug|Any CPU.Build.0 = Debug|Any CPU
		{1EC5FEE4-A27A-41F1-B080-60E7476F4985}.Release|Any CPU.ActiveCfg = Release|Any CPU
		{1EC5FEE4-A27A-41F1-B080-60E7476F4985}.Release|Any CPU.Build.0 = Release|Any CPU
		{8B40E98A-2B7C-4733-BEAD-001CC6D34616}.Debug|Any CPU.ActiveCfg = Debug|Any CPU
		{8B40E98A-2B7C-4733-BEAD-001CC6D34616}.Debug|Any CPU.Build.0 = Debug|Any CPU
		{8B40E98A-2B7C-4733-BEAD-001CC6D34616}.Release|Any CPU.ActiveCfg = Release|Any CPU
		{8B40E98A-2B7C-4733-BEAD-001CC6D34616}.Release|Any CPU.Build.0 = Release|Any CPU
		{37E80EED-1383-4DF8-8CA7-5F17FA02E501}.Debug|Any CPU.ActiveCfg = Debug|Any CPU
		{37E80EED-1383-4DF8-8CA7-5F17FA02E501}.Debug|Any CPU.Build.0 = Debug|Any CPU
		{37E80EED-1383-4DF8-8CA7-5F17FA02E501}.Release|Any CPU.ActiveCfg = Release|Any CPU
		{37E80EED-1383-4DF8-8CA7-5F17FA02E501}.Release|Any CPU.Build.0 = Release|Any CPU
		{2310FFAB-F8A5-4074-A320-D407FD1BA8BE}.Debug|Any CPU.ActiveCfg = Debug|Any CPU
		{2310FFAB-F8A5-4074-A320-D407FD1BA8BE}.Debug|Any CPU.Build.0 = Debug|Any CPU
		{2310FFAB-F8A5-4074-A320-D407FD1BA8BE}.Release|Any CPU.ActiveCfg = Release|Any CPU
		{2310FFAB-F8A5-4074-A320-D407FD1BA8BE}.Release|Any CPU.Build.0 = Release|Any CPU
		{555DD613-48CB-4901-A249-B247985EFDB0}.Debug|Any CPU.ActiveCfg = Debug|Any CPU
		{555DD613-48CB-4901-A249-B247985EFDB0}.Debug|Any CPU.Build.0 = Debug|Any CPU
		{555DD613-48CB-4901-A249-B247985EFDB0}.Release|Any CPU.ActiveCfg = Release|Any CPU
		{555DD613-48CB-4901-A249-B247985EFDB0}.Release|Any CPU.Build.0 = Release|Any CPU
		{C1264D42-BB98-48C1-9E7F-7E1413C7C1E1}.Debug|Any CPU.ActiveCfg = Debug|Any CPU
		{C1264D42-BB98-48C1-9E7F-7E1413C7C1E1}.Debug|Any CPU.Build.0 = Debug|Any CPU
		{C1264D42-BB98-48C1-9E7F-7E1413C7C1E1}.Release|Any CPU.ActiveCfg = Release|Any CPU
		{C1264D42-BB98-48C1-9E7F-7E1413C7C1E1}.Release|Any CPU.Build.0 = Release|Any CPU
		{CDFC29A2-88A2-4DB2-A358-33F25DB0361C}.Debug|Any CPU.ActiveCfg = Debug|Any CPU
		{CDFC29A2-88A2-4DB2-A358-33F25DB0361C}.Debug|Any CPU.Build.0 = Debug|Any CPU
		{CDFC29A2-88A2-4DB2-A358-33F25DB0361C}.Release|Any CPU.ActiveCfg = Release|Any CPU
		{CDFC29A2-88A2-4DB2-A358-33F25DB0361C}.Release|Any CPU.Build.0 = Release|Any CPU
		{5B60ACB4-78B9-4E34-AA57-D4C7A16A0A78}.Debug|Any CPU.ActiveCfg = Debug|Any CPU
		{5B60ACB4-78B9-4E34-AA57-D4C7A16A0A78}.Debug|Any CPU.Build.0 = Debug|Any CPU
		{5B60ACB4-78B9-4E34-AA57-D4C7A16A0A78}.Release|Any CPU.ActiveCfg = Release|Any CPU
		{5B60ACB4-78B9-4E34-AA57-D4C7A16A0A78}.Release|Any CPU.Build.0 = Release|Any CPU
	EndGlobalSection
	GlobalSection(SolutionProperties) = preSolution
		HideSolutionNode = FALSE
	EndGlobalSection
	GlobalSection(ExtensibilityGlobals) = postSolution
		SolutionGuid = {56D1DED7-6036-41D7-83BD-B3C0F4C72E53}
	EndGlobalSection
EndGlobal
